
Microsoft Visual Studio Solution File, Format Version 12.00
# Visual Studio Version 16
VisualStudioVersion = 16.0.34407.143
MinimumVisualStudioVersion = 10.0.40219.1
Project("{FAE04EC0-301F-11D3-BF4B-00C04F79EFBC}") = "Frendy_pgacara3_task4", "Frendy_pgacara3_task4\Frendy_pgacara3_task4.csproj", "{93730140-03D8-4758-83C4-B51543972FEC}"
EndProject
Global
	GlobalSection(SolutionConfigurationPlatforms) = preSolution
		Debug|Any CPU = Debug|Any CPU
		Release|Any CPU = Release|Any CPU
	EndGlobalSection
	GlobalSection(ProjectConfigurationPlatforms) = postSolution
		{93730140-03D8-4758-83C4-B51543972FEC}.Debug|Any CPU.ActiveCfg = Debug|Any CPU
		{93730140-03D8-4758-83C4-B51543972FEC}.Debug|Any CPU.Build.0 = Debug|Any CPU
		{93730140-03D8-4758-83C4-B51543972FEC}.Release|Any CPU.ActiveCfg = Release|Any CPU
		{93730140-03D8-4758-83C4-B51543972FEC}.Release|Any CPU.Build.0 = Release|Any CPU
	EndGlobalSection
	GlobalSection(SolutionProperties) = preSolution
		HideSolutionNode = FALSE
	EndGlobalSection
	GlobalSection(ExtensibilityGlobals) = postSolution
		SolutionGuid = {297EA843-95F6-476F-9E16-42597739CDD5}
	EndGlobalSection
EndGlobal
