
Microsoft Visual Studio Solution File, Format Version 12.00
# Visual Studio Version 16
VisualStudioVersion = 16.0.34407.143
MinimumVisualStudioVersion = 10.0.40219.1
Project("{FAE04EC0-301F-11D3-BF4B-00C04F79EFBC}") = "Frendy_Acara3_Task_1", "Frendy_Acara3_Task_1\Frendy_Acara3_Task_1.csproj", "{B73C434A-9BF9-4219-B729-7607D9F90E16}"
EndProject
Global
	GlobalSection(SolutionConfigurationPlatforms) = preSolution
		Debug|Any CPU = Debug|Any CPU
		Release|Any CPU = Release|Any CPU
	EndGlobalSection
	GlobalSection(ProjectConfigurationPlatforms) = postSolution
		{B73C434A-9BF9-4219-B729-7607D9F90E16}.Debug|Any CPU.ActiveCfg = Debug|Any CPU
		{B73C434A-9BF9-4219-B729-7607D9F90E16}.Debug|Any CPU.Build.0 = Debug|Any CPU
		{B73C434A-9BF9-4219-B729-7607D9F90E16}.Release|Any CPU.ActiveCfg = Release|Any CPU
		{B73C434A-9BF9-4219-B729-7607D9F90E16}.Release|Any CPU.Build.0 = Release|Any CPU
	EndGlobalSection
	GlobalSection(SolutionProperties) = preSolution
		HideSolutionNode = FALSE
	EndGlobalSection
	GlobalSection(ExtensibilityGlobals) = postSolution
		SolutionGuid = {1C89EB68-E66E-45E8-A2FE-8BE80E7DDADD}
	EndGlobalSection
EndGlobal
